
Microsoft Visual Studio Solution File, Format Version 12.00
# Visual Studio Version 17
VisualStudioVersion = 17.6.33927.249
MinimumVisualStudioVersion = 10.0.40219.1
Project("{9A19103F-16F7-4668-BE54-9A1E7A4F7556}") = "Inheritance", "Inheritance.csproj", "{D508FA94-CADE-4817-8569-1F5517ABBFA7}"
EndProject
Project("{9A19103F-16F7-4668-BE54-9A1E7A4F7556}") = "VirtualOverrideDemo", "VirtualOverrideDemo\VirtualOverrideDemo.csproj", "{DC137A10-3DD8-4054-A1DF-D2C682C1A51C}"
EndProject
Project("{9A19103F-16F7-4668-BE54-9A1E7A4F7556}") = "InheritanceDemo", "InheritanceDemo\InheritanceDemo.csproj", "{69148A71-1E5A-4B35-97E3-8CB94D104E61}"
EndProject
Project("{9A19103F-16F7-4668-BE54-9A1E7A4F7556}") = "InheritanceChallenge2", "InheritanceChallenge2\InheritanceChallenge2.csproj", "{ED53D9A9-1A50-495B-85CC-B9A63C15D6E6}"
EndProject
Project("{9A19103F-16F7-4668-BE54-9A1E7A4F7556}") = "InterfacesDemo2", "Interfaces\InterfacesDemo2.csproj", "{B1CBE246-22B1-4F01-9072-F1D13E4FC599}"
EndProject
Project("{9A19103F-16F7-4668-BE54-9A1E7A4F7556}") = "InheritanceDemo3", "InheritanceDemo3\InheritanceDemo3.csproj", "{AD347CD7-F4C9-4638-84D6-5617C32135E0}"
EndProject
Project("{FAE04EC0-301F-11D3-BF4B-00C04F79EFBC}") = "IEnumerator and Ienumerable", "IEnumerator and Ienumerable\IEnumerator and Ienumerable.csproj", "{83D428E6-2EB1-4FE0-AF08-1868AADE18C4}"
EndProject
Global
	GlobalSection(SolutionConfigurationPlatforms) = preSolution
		Debug|Any CPU = Debug|Any CPU
		Release|Any CPU = Release|Any CPU
	EndGlobalSection
	GlobalSection(ProjectConfigurationPlatforms) = postSolution
		{D508FA94-CADE-4817-8569-1F5517ABBFA7}.Debug|Any CPU.ActiveCfg = Debug|Any CPU
		{D508FA94-CADE-4817-8569-1F5517ABBFA7}.Debug|Any CPU.Build.0 = Debug|Any CPU
		{D508FA94-CADE-4817-8569-1F5517ABBFA7}.Release|Any CPU.ActiveCfg = Release|Any CPU
		{D508FA94-CADE-4817-8569-1F5517ABBFA7}.Release|Any CPU.Build.0 = Release|Any CPU
		{DC137A10-3DD8-4054-A1DF-D2C682C1A51C}.Debug|Any CPU.ActiveCfg = Debug|Any CPU
		{DC137A10-3DD8-4054-A1DF-D2C682C1A51C}.Debug|Any CPU.Build.0 = Debug|Any CPU
		{DC137A10-3DD8-4054-A1DF-D2C682C1A51C}.Release|Any CPU.ActiveCfg = Release|Any CPU
		{DC137A10-3DD8-4054-A1DF-D2C682C1A51C}.Release|Any CPU.Build.0 = Release|Any CPU
		{69148A71-1E5A-4B35-97E3-8CB94D104E61}.Debug|Any CPU.ActiveCfg = Debug|Any CPU
		{69148A71-1E5A-4B35-97E3-8CB94D104E61}.Debug|Any CPU.Build.0 = Debug|Any CPU
		{69148A71-1E5A-4B35-97E3-8CB94D104E61}.Release|Any CPU.ActiveCfg = Release|Any CPU
		{69148A71-1E5A-4B35-97E3-8CB94D104E61}.Release|Any CPU.Build.0 = Release|Any CPU
		{ED53D9A9-1A50-495B-85CC-B9A63C15D6E6}.Debug|Any CPU.ActiveCfg = Debug|Any CPU
		{ED53D9A9-1A50-495B-85CC-B9A63C15D6E6}.Debug|Any CPU.Build.0 = Debug|Any CPU
		{ED53D9A9-1A50-495B-85CC-B9A63C15D6E6}.Release|Any CPU.ActiveCfg = Release|Any CPU
		{ED53D9A9-1A50-495B-85CC-B9A63C15D6E6}.Release|Any CPU.Build.0 = Release|Any CPU
		{B1CBE246-22B1-4F01-9072-F1D13E4FC599}.Debug|Any CPU.ActiveCfg = Debug|Any CPU
		{B1CBE246-22B1-4F01-9072-F1D13E4FC599}.Debug|Any CPU.Build.0 = Debug|Any CPU
		{B1CBE246-22B1-4F01-9072-F1D13E4FC599}.Release|Any CPU.ActiveCfg = Release|Any CPU
		{B1CBE246-22B1-4F01-9072-F1D13E4FC599}.Release|Any CPU.Build.0 = Release|Any CPU
		{AD347CD7-F4C9-4638-84D6-5617C32135E0}.Debug|Any CPU.ActiveCfg = Debug|Any CPU
		{AD347CD7-F4C9-4638-84D6-5617C32135E0}.Debug|Any CPU.Build.0 = Debug|Any CPU
		{AD347CD7-F4C9-4638-84D6-5617C32135E0}.Release|Any CPU.ActiveCfg = Release|Any CPU
		{AD347CD7-F4C9-4638-84D6-5617C32135E0}.Release|Any CPU.Build.0 = Release|Any CPU
		{83D428E6-2EB1-4FE0-AF08-1868AADE18C4}.Debug|Any CPU.ActiveCfg = Debug|Any CPU
		{83D428E6-2EB1-4FE0-AF08-1868AADE18C4}.Debug|Any CPU.Build.0 = Debug|Any CPU
		{83D428E6-2EB1-4FE0-AF08-1868AADE18C4}.Release|Any CPU.ActiveCfg = Release|Any CPU
		{83D428E6-2EB1-4FE0-AF08-1868AADE18C4}.Release|Any CPU.Build.0 = Release|Any CPU
	EndGlobalSection
	GlobalSection(SolutionProperties) = preSolution
		HideSolutionNode = FALSE
	EndGlobalSection
	GlobalSection(ExtensibilityGlobals) = postSolution
		SolutionGuid = {27914FB2-DDD6-49B4-9DD9-C0ABF8A3225F}
	EndGlobalSection
EndGlobal
